
Microsoft Visual Studio Solution File, Format Version 12.00
# Visual Studio Version 17
VisualStudioVersion = 17.0.31903.59
MinimumVisualStudioVersion = 10.0.40219.1
Project("{2150E333-8FDC-42A3-9474-1A3956D46DE8}") = "src", "src", "{752A218F-62C7-4140-80DA-1E13A9AD12CE}"
EndProject
Project("{FAE04EC0-301F-11D3-BF4B-00C04F79EFBC}") = "ComfortView", "src\ComfortView\ComfortView.csproj", "{F7F4E73E-1578-4991-A2A2-E3E4EE7575E4}"
EndProject
Global
	GlobalSection(SolutionConfigurationPlatforms) = preSolution
		Debug|Any CPU = Debug|Any CPU
		Release|Any CPU = Release|Any CPU
	EndGlobalSection
	GlobalSection(SolutionProperties) = preSolution
		HideSolutionNode = FALSE
	EndGlobalSection
	GlobalSection(ProjectConfigurationPlatforms) = postSolution
		{F7F4E73E-1578-4991-A2A2-E3E4EE7575E4}.Debug|Any CPU.ActiveCfg = Debug|Any CPU
		{F7F4E73E-1578-4991-A2A2-E3E4EE7575E4}.Debug|Any CPU.Build.0 = Debug|Any CPU
		{F7F4E73E-1578-4991-A2A2-E3E4EE7575E4}.Release|Any CPU.ActiveCfg = Release|Any CPU
		{F7F4E73E-1578-4991-A2A2-E3E4EE7575E4}.Release|Any CPU.Build.0 = Release|Any CPU
	EndGlobalSection
	GlobalSection(NestedProjects) = preSolution
		{F7F4E73E-1578-4991-A2A2-E3E4EE7575E4} = {752A218F-62C7-4140-80DA-1E13A9AD12CE}
	EndGlobalSection
EndGlobal
